// !$*UTF8*$!
{
	archiveVersion = 1;
	classes = {
	};
	objectVersion = 46;
	objects = {

/* Begin PBXBuildFile section */
		014019DB141F5FB3001E5C37 /* UIKit.framework in Frameworks */ = {isa = PBXBuildFile; fileRef = 014019DA141F5FB3001E5C37 /* UIKit.framework */; };
		014019DD141F5FB3001E5C37 /* Foundation.framework in Frameworks */ = {isa = PBXBuildFile; fileRef = 014019DC141F5FB3001E5C37 /* Foundation.framework */; };
		014019DF141F5FB3001E5C37 /* CoreGraphics.framework in Frameworks */ = {isa = PBXBuildFile; fileRef = 014019DE141F5FB3001E5C37 /* CoreGraphics.framework */; };
		014019E1141F5FB3001E5C37 /* CoreData.framework in Frameworks */ = {isa = PBXBuildFile; fileRef = 014019E0141F5FB3001E5C37 /* CoreData.framework */; };
		014019E7141F5FB3001E5C37 /* InfoPlist.strings in Resources */ = {isa = PBXBuildFile; fileRef = 014019E5141F5FB3001E5C37 /* InfoPlist.strings */; };
		014019E9141F5FB3001E5C37 /* main.m in Sources */ = {isa = PBXBuildFile; fileRef = 014019E8141F5FB3001E5C37 /* main.m */; };
		014019ED141F5FB3001E5C37 /* BasicCoreDataAppDelegate.m in Sources */ = {isa = PBXBuildFile; fileRef = 014019EC141F5FB3001E5C37 /* BasicCoreDataAppDelegate.m */; };
		014019F0141F5FB3001E5C37 /* MainWindow.xib in Resources */ = {isa = PBXBuildFile; fileRef = 014019EE141F5FB3001E5C37 /* MainWindow.xib */; };
		014019F3141F5FB3001E5C37 /* BasicCoreData.xcdatamodeld in Sources */ = {isa = PBXBuildFile; fileRef = 014019F1141F5FB3001E5C37 /* BasicCoreData.xcdatamodeld */; };
		014019FE141F6068001E5C37 /* TableViewController.m in Sources */ = {isa = PBXBuildFile; fileRef = 014019FC141F6068001E5C37 /* TableViewController.m */; };
		014019FF141F6068001E5C37 /* TableViewController.xib in Resources */ = {isa = PBXBuildFile; fileRef = 014019FD141F6068001E5C37 /* TableViewController.xib */; };
		01401A03141F62A3001E5C37 /* FormViewController.m in Sources */ = {isa = PBXBuildFile; fileRef = 01401A01141F62A3001E5C37 /* FormViewController.m */; };
		01401A04141F62A3001E5C37 /* FormViewController.xib in Resources */ = {isa = PBXBuildFile; fileRef = 01401A02141F62A3001E5C37 /* FormViewController.xib */; };
		01401A08141F62CF001E5C37 /* Person.m in Sources */ = {isa = PBXBuildFile; fileRef = 01401A07141F62CF001E5C37 /* Person.m */; };
		01D5345C1420FB5300C13044 /* FormDetailController.m in Sources */ = {isa = PBXBuildFile; fileRef = 01D5345A1420FB5300C13044 /* FormDetailController.m */; };
		01D5345D1420FB5300C13044 /* FormDetailController.xib in Resources */ = {isa = PBXBuildFile; fileRef = 01D5345B1420FB5300C13044 /* FormDetailController.xib */; };
/* End PBXBuildFile section */

/* Begin PBXFileReference section */
		014019D6141F5FB3001E5C37 /* BasicCoreData.app */ = {isa = PBXFileReference; explicitFileType = wrapper.application; includeInIndex = 0; path = BasicCoreData.app; sourceTree = BUILT_PRODUCTS_DIR; };
		014019DA141F5FB3001E5C37 /* UIKit.framework */ = {isa = PBXFileReference; lastKnownFileType = wrapper.framework; name = UIKit.framework; path = System/Library/Frameworks/UIKit.framework; sourceTree = SDKROOT; };
		014019DC141F5FB3001E5C37 /* Foundation.framework */ = {isa = PBXFileReference; lastKnownFileType = wrapper.framework; name = Foundation.framework; path = System/Library/Frameworks/Foundation.framework; sourceTree = SDKROOT; };
		014019DE141F5FB3001E5C37 /* CoreGraphics.framework */ = {isa = PBXFileReference; lastKnownFileType = wrapper.framework; name = CoreGraphics.framework; path = System/Library/Frameworks/CoreGraphics.framework; sourceTree = SDKROOT; };
		014019E0141F5FB3001E5C37 /* CoreData.framework */ = {isa = PBXFileReference; lastKnownFileType = wrapper.framework; name = CoreData.framework; path = System/Library/Frameworks/CoreData.framework; sourceTree = SDKROOT; };
		014019E4141F5FB3001E5C37 /* BasicCoreData-Info.plist */ = {isa = PBXFileReference; lastKnownFileType = text.plist.xml; path = "BasicCoreData-Info.plist"; sourceTree = "<group>"; };
		014019E6141F5FB3001E5C37 /* en */ = {isa = PBXFileReference; lastKnownFileType = text.plist.strings; name = en; path = en.lproj/InfoPlist.strings; sourceTree = "<group>"; };
		014019E8141F5FB3001E5C37 /* main.m */ = {isa = PBXFileReference; lastKnownFileType = sourcecode.c.objc; path = main.m; sourceTree = "<group>"; };
		014019EA141F5FB3001E5C37 /* BasicCoreData-Prefix.pch */ = {isa = PBXFileReference; lastKnownFileType = sourcecode.c.h; path = "BasicCoreData-Prefix.pch"; sourceTree = "<group>"; };
		014019EB141F5FB3001E5C37 /* BasicCoreDataAppDelegate.h */ = {isa = PBXFileReference; lastKnownFileType = sourcecode.c.h; path = BasicCoreDataAppDelegate.h; sourceTree = "<group>"; };
		014019EC141F5FB3001E5C37 /* BasicCoreDataAppDelegate.m */ = {isa = PBXFileReference; lastKnownFileType = sourcecode.c.objc; path = BasicCoreDataAppDelegate.m; sourceTree = "<group>"; };
		014019EF141F5FB3001E5C37 /* en */ = {isa = PBXFileReference; lastKnownFileType = file.xib; name = en; path = en.lproj/MainWindow.xib; sourceTree = "<group>"; };
		014019F2141F5FB3001E5C37 /* BasicCoreData.xcdatamodel */ = {isa = PBXFileReference; lastKnownFileType = wrapper.xcdatamodel; path = BasicCoreData.xcdatamodel; sourceTree = "<group>"; };
		014019FB141F6068001E5C37 /* TableViewController.h */ = {isa = PBXFileReference; fileEncoding = 4; lastKnownFileType = sourcecode.c.h; path = TableViewController.h; sourceTree = "<group>"; };
		014019FC141F6068001E5C37 /* TableViewController.m */ = {isa = PBXFileReference; fileEncoding = 4; lastKnownFileType = sourcecode.c.objc; path = TableViewController.m; sourceTree = "<group>"; };
		014019FD141F6068001E5C37 /* TableViewController.xib */ = {isa = PBXFileReference; fileEncoding = 4; lastKnownFileType = file.xib; path = TableViewController.xib; sourceTree = "<group>"; };
		01401A00141F62A3001E5C37 /* FormViewController.h */ = {isa = PBXFileReference; fileEncoding = 4; lastKnownFileType = sourcecode.c.h; path = FormViewController.h; sourceTree = "<group>"; };
		01401A01141F62A3001E5C37 /* FormViewController.m */ = {isa = PBXFileReference; fileEncoding = 4; lastKnownFileType = sourcecode.c.objc; path = FormViewController.m; sourceTree = "<group>"; };
		01401A02141F62A3001E5C37 /* FormViewController.xib */ = {isa = PBXFileReference; fileEncoding = 4; lastKnownFileType = file.xib; path = FormViewController.xib; sourceTree = "<group>"; };
		01401A06141F62CF001E5C37 /* Person.h */ = {isa = PBXFileReference; fileEncoding = 4; lastKnownFileType = sourcecode.c.h; path = Person.h; sourceTree = "<group>"; };
		01401A07141F62CF001E5C37 /* Person.m */ = {isa = PBXFileReference; fileEncoding = 4; lastKnownFileType = sourcecode.c.objc; path = Person.m; sourceTree = "<group>"; };
		01D534591420FB5300C13044 /* FormDetailController.h */ = {isa = PBXFileReference; fileEncoding = 4; lastKnownFileType = sourcecode.c.h; path = FormDetailController.h; sourceTree = "<group>"; };
		01D5345A1420FB5300C13044 /* FormDetailController.m */ = {isa = PBXFileReference; fileEncoding = 4; lastKnownFileType = sourcecode.c.objc; path = FormDetailController.m; sourceTree = "<group>"; };
		01D5345B1420FB5300C13044 /* FormDetailController.xib */ = {isa = PBXFileReference; fileEncoding = 4; lastKnownFileType = file.xib; path = FormDetailController.xib; sourceTree = "<group>"; };
/* End PBXFileReference section */

/* Begin PBXFrameworksBuildPhase section */
		014019D3141F5FB3001E5C37 /* Frameworks */ = {
			isa = PBXFrameworksBuildPhase;
			buildActionMask = 2147483647;
			files = (
				014019DB141F5FB3001E5C37 /* UIKit.framework in Frameworks */,
				014019DD141F5FB3001E5C37 /* Foundation.framework in Frameworks */,
				014019DF141F5FB3001E5C37 /* CoreGraphics.framework in Frameworks */,
				014019E1141F5FB3001E5C37 /* CoreData.framework in Frameworks */,
			);
			runOnlyForDeploymentPostprocessing = 0;
		};
/* End PBXFrameworksBuildPhase section */

/* Begin PBXGroup section */
		014019CB141F5FB3001E5C37 = {
			isa = PBXGroup;
			children = (
				014019E2141F5FB3001E5C37 /* BasicCoreData */,
				014019D9141F5FB3001E5C37 /* Frameworks */,
				014019D7141F5FB3001E5C37 /* Products */,
			);
			sourceTree = "<group>";
		};
		014019D7141F5FB3001E5C37 /* Products */ = {
			isa = PBXGroup;
			children = (
				014019D6141F5FB3001E5C37 /* BasicCoreData.app */,
			);
			name = Products;
			sourceTree = "<group>";
		};
		014019D9141F5FB3001E5C37 /* Frameworks */ = {
			isa = PBXGroup;
			children = (
				014019DA141F5FB3001E5C37 /* UIKit.framework */,
				014019DC141F5FB3001E5C37 /* Foundation.framework */,
				014019DE141F5FB3001E5C37 /* CoreGraphics.framework */,
				014019E0141F5FB3001E5C37 /* CoreData.framework */,
			);
			name = Frameworks;
			sourceTree = "<group>";
		};
		014019E2141F5FB3001E5C37 /* BasicCoreData */ = {
			isa = PBXGroup;
			children = (
				01401A05141F62B7001E5C37 /* Models */,
				014019FA141F6040001E5C37 /* ViewControllers */,
				014019F9141F6033001E5C37 /* AppDelegate */,
				014019E3141F5FB3001E5C37 /* Supporting Files */,
			);
			path = BasicCoreData;
			sourceTree = "<group>";
		};
		014019E3141F5FB3001E5C37 /* Supporting Files */ = {
			isa = PBXGroup;
			children = (
				014019E4141F5FB3001E5C37 /* BasicCoreData-Info.plist */,
				014019E5141F5FB3001E5C37 /* InfoPlist.strings */,
				014019E8141F5FB3001E5C37 /* main.m */,
				014019EA141F5FB3001E5C37 /* BasicCoreData-Prefix.pch */,
			);
			name = "Supporting Files";
			sourceTree = "<group>";
		};
		014019F9141F6033001E5C37 /* AppDelegate */ = {
			isa = PBXGroup;
			children = (
				014019EB141F5FB3001E5C37 /* BasicCoreDataAppDelegate.h */,
				014019EC141F5FB3001E5C37 /* BasicCoreDataAppDelegate.m */,
				014019EE141F5FB3001E5C37 /* MainWindow.xib */,
				014019F1141F5FB3001E5C37 /* BasicCoreData.xcdatamodeld */,
			);
			name = AppDelegate;
			sourceTree = "<group>";
		};
		014019FA141F6040001E5C37 /* ViewControllers */ = {
			isa = PBXGroup;
			children = (
				014019FB141F6068001E5C37 /* TableViewController.h */,
				014019FC141F6068001E5C37 /* TableViewController.m */,
				014019FD141F6068001E5C37 /* TableViewController.xib */,
				01401A00141F62A3001E5C37 /* FormViewController.h */,
				01401A01141F62A3001E5C37 /* FormViewController.m */,
				01401A02141F62A3001E5C37 /* FormViewController.xib */,
				01D534591420FB5300C13044 /* FormDetailController.h */,
				01D5345A1420FB5300C13044 /* FormDetailController.m */,
				01D5345B1420FB5300C13044 /* FormDetailController.xib */,
			);
			name = ViewControllers;
			sourceTree = "<group>";
		};
		01401A05141F62B7001E5C37 /* Models */ = {
			isa = PBXGroup;
			children = (
				01401A06141F62CF001E5C37 /* Person.h */,
				01401A07141F62CF001E5C37 /* Person.m */,
			);
			name = Models;
			sourceTree = "<group>";
		};
/* End PBXGroup section */

/* Begin PBXNativeTarget section */
		014019D5141F5FB3001E5C37 /* BasicCoreData */ = {
			isa = PBXNativeTarget;
			buildConfigurationList = 014019F6141F5FB3001E5C37 /* Build configuration list for PBXNativeTarget "BasicCoreData" */;
			buildPhases = (
				014019D2141F5FB3001E5C37 /* Sources */,
				014019D3141F5FB3001E5C37 /* Frameworks */,
				014019D4141F5FB3001E5C37 /* Resources */,
			);
			buildRules = (
			);
			dependencies = (
			);
			name = BasicCoreData;
			productName = BasicCoreData;
			productReference = 014019D6141F5FB3001E5C37 /* BasicCoreData.app */;
			productType = "com.apple.product-type.application";
		};
/* End PBXNativeTarget section */

/* Begin PBXProject section */
		014019CD141F5FB3001E5C37 /* Project object */ = {
			isa = PBXProject;
			attributes = {
				ORGANIZATIONNAME = "piti_fee@hotmail.com";
			};
			buildConfigurationList = 014019D0141F5FB3001E5C37 /* Build configuration list for PBXProject "BasicCoreData" */;
			compatibilityVersion = "Xcode 3.2";
			developmentRegion = English;
			hasScannedForEncodings = 0;
			knownRegions = (
				en,
			);
			mainGroup = 014019CB141F5FB3001E5C37;
			productRefGroup = 014019D7141F5FB3001E5C37 /* Products */;
			projectDirPath = "";
			projectRoot = "";
			targets = (
				014019D5141F5FB3001E5C37 /* BasicCoreData */,
			);
		};
/* End PBXProject section */

/* Begin PBXResourcesBuildPhase section */
		014019D4141F5FB3001E5C37 /* Resources */ = {
			isa = PBXResourcesBuildPhase;
			buildActionMask = 2147483647;
			files = (
				014019E7141F5FB3001E5C37 /* InfoPlist.strings in Resources */,
				014019F0141F5FB3001E5C37 /* MainWindow.xib in Resources */,
				014019FF141F6068001E5C37 /* TableViewController.xib in Resources */,
				01401A04141F62A3001E5C37 /* FormViewController.xib in Resources */,
				01D5345D1420FB5300C13044 /* FormDetailController.xib in Resources */,
			);
			runOnlyForDeploymentPostprocessing = 0;
		};
/* End PBXResourcesBuildPhase section */

/* Begin PBXSourcesBuildPhase section */
		014019D2141F5FB3001E5C37 /* Sources */ = {
			isa = PBXSourcesBuildPhase;
			buildActionMask = 2147483647;
			files = (
				014019E9141F5FB3001E5C37 /* main.m in Sources */,
				014019ED141F5FB3001E5C37 /* BasicCoreDataAppDelegate.m in Sources */,
				014019F3141F5FB3001E5C37 /* BasicCoreData.xcdatamodeld in Sources */,
				014019FE141F6068001E5C37 /* TableViewController.m in Sources */,
				01401A03141F62A3001E5C37 /* FormViewController.m in Sources */,
				01401A08141F62CF001E5C37 /* Person.m in Sources */,
				01D5345C1420FB5300C13044 /* FormDetailController.m in Sources */,
			);
			runOnlyForDeploymentPostprocessing = 0;
		};
/* End PBXSourcesBuildPhase section */

/* Begin PBXVariantGroup section */
		014019E5141F5FB3001E5C37 /* InfoPlist.strings */ = {
			isa = PBXVariantGroup;
			children = (
				014019E6141F5FB3001E5C37 /* en */,
			);
			name = InfoPlist.strings;
			sourceTree = "<group>";
		};
		014019EE141F5FB3001E5C37 /* MainWindow.xib */ = {
			isa = PBXVariantGroup;
			children = (
				014019EF141F5FB3001E5C37 /* en */,
			);
			name = MainWindow.xib;
			sourceTree = "<group>";
		};
/* End PBXVariantGroup section */

/* Begin XCBuildConfiguration section */
		014019F4141F5FB3001E5C37 /* Debug */ = {
			isa = XCBuildConfiguration;
			buildSettings = {
				ALWAYS_SEARCH_USER_PATHS = NO;
				ARCHS = "$(ARCHS_STANDARD_32_BIT)";
				"CODE_SIGN_IDENTITY[sdk=iphoneos*]" = "iPhone Developer";
				COPY_PHASE_STRIP = NO;
				GCC_C_LANGUAGE_STANDARD = gnu99;
				GCC_DYNAMIC_NO_PIC = NO;
				GCC_OPTIMIZATION_LEVEL = 0;
				GCC_PREPROCESSOR_DEFINITIONS = (
					"DEBUG=1",
					"$(inherited)",
				);
				GCC_SYMBOLS_PRIVATE_EXTERN = NO;
				GCC_VERSION = com.apple.compilers.llvmgcc42;
				GCC_WARN_ABOUT_MISSING_PROTOTYPES = YES;
				GCC_WARN_ABOUT_RETURN_TYPE = YES;
				GCC_WARN_UNUSED_VARIABLE = YES;
				IPHONEOS_DEPLOYMENT_TARGET = 4.3;
				SDKROOT = iphoneos;
			};
			name = Debug;
		};
		014019F5141F5FB3001E5C37 /* Release */ = {
			isa = XCBuildConfiguration;
			buildSettings = {
				ALWAYS_SEARCH_USER_PATHS = NO;
				ARCHS = "$(ARCHS_STANDARD_32_BIT)";
				"CODE_SIGN_IDENTITY[sdk=iphoneos*]" = "iPhone Developer";
				COPY_PHASE_STRIP = YES;
				GCC_C_LANGUAGE_STANDARD = gnu99;
				GCC_VERSION = com.apple.compilers.llvmgcc42;
				GCC_WARN_ABOUT_MISSING_PROTOTYPES = YES;
				GCC_WARN_ABOUT_RETURN_TYPE = YES;
				GCC_WARN_UNUSED_VARIABLE = YES;
				IPHONEOS_DEPLOYMENT_TARGET = 4.3;
				OTHER_CFLAGS = "-DNS_BLOCK_ASSERTIONS=1";
				SDKROOT = iphoneos;
				VALIDATE_PRODUCT = YES;
			};
			name = Release;
		};
		014019F7141F5FB3001E5C37 /* Debug */ = {
			isa = XCBuildConfiguration;
			buildSettings = {
				GCC_PRECOMPILE_PREFIX_HEADER = YES;
				GCC_PREFIX_HEADER = "BasicCoreData/BasicCoreData-Prefix.pch";
				INFOPLIST_FILE = "BasicCoreData/BasicCoreData-Info.plist";
				PRODUCT_NAME = "$(TARGET_NAME)";
				WRAPPER_EXTENSION = app;
			};
			name = Debug;
		};
		014019F8141F5FB3001E5C37 /* Release */ = {
			isa = XCBuildConfiguration;
			buildSettings = {
				GCC_PRECOMPILE_PREFIX_HEADER = YES;
				GCC_PREFIX_HEADER = "BasicCoreData/BasicCoreData-Prefix.pch";
				INFOPLIST_FILE = "BasicCoreData/BasicCoreData-Info.plist";
				PRODUCT_NAME = "$(TARGET_NAME)";
				WRAPPER_EXTENSION = app;
			};
			name = Release;
		};
/* End XCBuildConfiguration section */

/* Begin XCConfigurationList section */
		014019D0141F5FB3001E5C37 /* Build configuration list for PBXProject "BasicCoreData" */ = {
			isa = XCConfigurationList;
			buildConfigurations = (
				014019F4141F5FB3001E5C37 /* Debug */,
				014019F5141F5FB3001E5C37 /* Release */,
			);
			defaultConfigurationIsVisible = 0;
			defaultConfigurationName = Release;
		};
		014019F6141F5FB3001E5C37 /* Build configuration list for PBXNativeTarget "BasicCoreData" */ = {
			isa = XCConfigurationList;
			buildConfigurations = (
				014019F7141F5FB3001E5C37 /* Debug */,
				014019F8141F5FB3001E5C37 /* Release */,
			);
			defaultConfigurationIsVisible = 0;
			defaultConfigurationName = Release;
		};
/* End XCConfigurationList section */

/* Begin XCVersionGroup section */
		014019F1141F5FB3001E5C37 /* BasicCoreData.xcdatamodeld */ = {
			isa = XCVersionGroup;
			children = (
				014019F2141F5FB3001E5C37 /* BasicCoreData.xcdatamodel */,
			);
			currentVersion = 014019F2141F5FB3001E5C37 /* BasicCoreData.xcdatamodel */;
			path = BasicCoreData.xcdatamodeld;
			sourceTree = "<group>";
			versionGroupType = wrapper.xcdatamodel;
		};
/* End XCVersionGroup section */
	};
	rootObject = 014019CD141F5FB3001E5C37 /* Project object */;
}
